
Microsoft Visual Studio Solution File, Format Version 12.00
# Visual Studio Version 17
VisualStudioVersion = 17.3.32901.215
MinimumVisualStudioVersion = 10.0.40219.1
Project("{FAE04EC0-301F-11D3-BF4B-00C04F79EFBC}") = "Diary of a madman", "Diary of a madman\Diary of a madman.csproj", "{2042DF0C-81A0-4B8B-B0DE-0D46EC882CDB}"
EndProject
Global
	GlobalSection(SolutionConfigurationPlatforms) = preSolution
		Debug|Any CPU = Debug|Any CPU
		Release|Any CPU = Release|Any CPU
	EndGlobalSection
	GlobalSection(ProjectConfigurationPlatforms) = postSolution
		{2042DF0C-81A0-4B8B-B0DE-0D46EC882CDB}.Debug|Any CPU.ActiveCfg = Debug|Any CPU
		{2042DF0C-81A0-4B8B-B0DE-0D46EC882CDB}.Debug|Any CPU.Build.0 = Debug|Any CPU
		{2042DF0C-81A0-4B8B-B0DE-0D46EC882CDB}.Release|Any CPU.ActiveCfg = Release|Any CPU
		{2042DF0C-81A0-4B8B-B0DE-0D46EC882CDB}.Release|Any CPU.Build.0 = Release|Any CPU
	EndGlobalSection
	GlobalSection(SolutionProperties) = preSolution
		HideSolutionNode = FALSE
	EndGlobalSection
	GlobalSection(ExtensibilityGlobals) = postSolution
		SolutionGuid = {2A4823C7-DAB4-4C86-B755-1BADC834737D}
	EndGlobalSection
EndGlobal
